// !$*UTF8*$!
{
	archiveVersion = 1;
	classes = {
	};
	objectVersion = 46;
	objects = {

/* Begin PBXBuildFile section */
		790B9BE61E0BD5B4001A4FA8 /* InitialViewController.swift in Sources */ = {isa = PBXBuildFile; fileRef = 790B9BE51E0BD5B4001A4FA8 /* InitialViewController.swift */; };
		790B9BE91E0BD8D6001A4FA8 /* SettingsViewController.swift in Sources */ = {isa = PBXBuildFile; fileRef = 790B9BE81E0BD8D6001A4FA8 /* SettingsViewController.swift */; };
		79429A9C1E0E21AA00D0B9D6 /* UserDefaultsExtensions.swift in Sources */ = {isa = PBXBuildFile; fileRef = 79429A9B1E0E21AA00D0B9D6 /* UserDefaultsExtensions.swift */; };
		7983CD641E07CC9D0050C6A3 /* AppDelegate.swift in Sources */ = {isa = PBXBuildFile; fileRef = 7983CD631E07CC9D0050C6A3 /* AppDelegate.swift */; };
		7983CD691E07CC9D0050C6A3 /* Main.storyboard in Resources */ = {isa = PBXBuildFile; fileRef = 7983CD671E07CC9D0050C6A3 /* Main.storyboard */; };
		7983CD6B1E07CC9D0050C6A3 /* Assets.xcassets in Resources */ = {isa = PBXBuildFile; fileRef = 7983CD6A1E07CC9D0050C6A3 /* Assets.xcassets */; };
		7983CD6E1E07CC9D0050C6A3 /* LaunchScreen.storyboard in Resources */ = {isa = PBXBuildFile; fileRef = 7983CD6C1E07CC9D0050C6A3 /* LaunchScreen.storyboard */; };
		798CF3441E0DEDAB006BDBE1 /* DashedCircleView.swift in Sources */ = {isa = PBXBuildFile; fileRef = 798CF3431E0DEDAB006BDBE1 /* DashedCircleView.swift */; };
		79BAF0271E0913D60067B85A /* RippleKit.h in Headers */ = {isa = PBXBuildFile; fileRef = 79BAF0251E0913D60067B85A /* RippleKit.h */; settings = {ATTRIBUTES = (Public, ); }; };
		79BAF02A1E0913D60067B85A /* RippleKit.framework in Frameworks */ = {isa = PBXBuildFile; fileRef = 79BAF0231E0913D60067B85A /* RippleKit.framework */; };
		79BAF02B1E0913D60067B85A /* RippleKit.framework in Embed Frameworks */ = {isa = PBXBuildFile; fileRef = 79BAF0231E0913D60067B85A /* RippleKit.framework */; settings = {ATTRIBUTES = (CodeSignOnCopy, RemoveHeadersOnCopy, ); }; };
		79BAF0301E09143F0067B85A /* UIColorExtensions.swift in Sources */ = {isa = PBXBuildFile; fileRef = 792E92EE1E08CB4D001FDB04 /* UIColorExtensions.swift */; };
		79BAF0381E0915770067B85A /* NotificationCenter.framework in Frameworks */ = {isa = PBXBuildFile; fileRef = 79BAF0371E0915770067B85A /* NotificationCenter.framework */; };
		79BAF03B1E0915770067B85A /* TodayViewController.swift in Sources */ = {isa = PBXBuildFile; fileRef = 79BAF03A1E0915770067B85A /* TodayViewController.swift */; };
		79BAF03E1E0915770067B85A /* MainInterface.storyboard in Resources */ = {isa = PBXBuildFile; fileRef = 79BAF03C1E0915770067B85A /* MainInterface.storyboard */; };
		79BAF0421E0915770067B85A /* Ripple Widget.appex in Embed App Extensions */ = {isa = PBXBuildFile; fileRef = 79BAF0351E0915770067B85A /* Ripple Widget.appex */; settings = {ATTRIBUTES = (RemoveHeadersOnCopy, ); }; };
		79BAF0471E0915940067B85A /* RippleKit.framework in Frameworks */ = {isa = PBXBuildFile; fileRef = 79BAF0231E0913D60067B85A /* RippleKit.framework */; };
		79BAF0481E0A0DB90067B85A /* RippleViewController.swift in Sources */ = {isa = PBXBuildFile; fileRef = 7983CD651E07CC9D0050C6A3 /* RippleViewController.swift */; };
		79BAF04A1E0A0DE60067B85A /* AppViewController.swift in Sources */ = {isa = PBXBuildFile; fileRef = 79BAF0491E0A0DE60067B85A /* AppViewController.swift */; };
/* End PBXBuildFile section */

/* Begin PBXContainerItemProxy section */
		79BAF0281E0913D60067B85A /* PBXContainerItemProxy */ = {
			isa = PBXContainerItemProxy;
			containerPortal = 7983CD581E07CC9D0050C6A3 /* Project object */;
			proxyType = 1;
			remoteGlobalIDString = 79BAF0221E0913D60067B85A;
			remoteInfo = RippleKit;
		};
		79BAF0401E0915770067B85A /* PBXContainerItemProxy */ = {
			isa = PBXContainerItemProxy;
			containerPortal = 7983CD581E07CC9D0050C6A3 /* Project object */;
			proxyType = 1;
			remoteGlobalIDString = 79BAF0341E0915770067B85A;
			remoteInfo = "Ripple Widget";
		};
/* End PBXContainerItemProxy section */

/* Begin PBXCopyFilesBuildPhase section */
		79BAF02F1E0913D60067B85A /* Embed Frameworks */ = {
			isa = PBXCopyFilesBuildPhase;
			buildActionMask = 2147483647;
			dstPath = "";
			dstSubfolderSpec = 10;
			files = (
				79BAF02B1E0913D60067B85A /* RippleKit.framework in Embed Frameworks */,
			);
			name = "Embed Frameworks";
			runOnlyForDeploymentPostprocessing = 0;
		};
		79BAF0461E0915770067B85A /* Embed App Extensions */ = {
			isa = PBXCopyFilesBuildPhase;
			buildActionMask = 2147483647;
			dstPath = "";
			dstSubfolderSpec = 13;
			files = (
				79BAF0421E0915770067B85A /* Ripple Widget.appex in Embed App Extensions */,
			);
			name = "Embed App Extensions";
			runOnlyForDeploymentPostprocessing = 0;
		};
/* End PBXCopyFilesBuildPhase section */

/* Begin PBXFileReference section */
		790B9BE51E0BD5B4001A4FA8 /* InitialViewController.swift */ = {isa = PBXFileReference; fileEncoding = 4; lastKnownFileType = sourcecode.swift; path = InitialViewController.swift; sourceTree = "<group>"; };
		790B9BE81E0BD8D6001A4FA8 /* SettingsViewController.swift */ = {isa = PBXFileReference; fileEncoding = 4; lastKnownFileType = sourcecode.swift; path = SettingsViewController.swift; sourceTree = "<group>"; };
		792E92EE1E08CB4D001FDB04 /* UIColorExtensions.swift */ = {isa = PBXFileReference; fileEncoding = 4; lastKnownFileType = sourcecode.swift; path = UIColorExtensions.swift; sourceTree = "<group>"; };
		79429A9B1E0E21AA00D0B9D6 /* UserDefaultsExtensions.swift */ = {isa = PBXFileReference; fileEncoding = 4; lastKnownFileType = sourcecode.swift; path = UserDefaultsExtensions.swift; sourceTree = "<group>"; };
		79429A9D1E0E5DC500D0B9D6 /* Ripple.entitlements */ = {isa = PBXFileReference; lastKnownFileType = text.plist.entitlements; path = Ripple.entitlements; sourceTree = "<group>"; };
		79429A9E1E0E5EA300D0B9D6 /* Ripple Widget.entitlements */ = {isa = PBXFileReference; lastKnownFileType = text.plist.entitlements; path = "Ripple Widget.entitlements"; sourceTree = "<group>"; };
		7983CD601E07CC9D0050C6A3 /* Ripple.app */ = {isa = PBXFileReference; explicitFileType = wrapper.application; includeInIndex = 0; path = Ripple.app; sourceTree = BUILT_PRODUCTS_DIR; };
		7983CD631E07CC9D0050C6A3 /* AppDelegate.swift */ = {isa = PBXFileReference; lastKnownFileType = sourcecode.swift; path = AppDelegate.swift; sourceTree = "<group>"; };
		7983CD651E07CC9D0050C6A3 /* RippleViewController.swift */ = {isa = PBXFileReference; lastKnownFileType = sourcecode.swift; name = RippleViewController.swift; path = ../Ripple/RippleViewController.swift; sourceTree = "<group>"; };
		7983CD681E07CC9D0050C6A3 /* Base */ = {isa = PBXFileReference; lastKnownFileType = file.storyboard; name = Base; path = Base.lproj/Main.storyboard; sourceTree = "<group>"; };
		7983CD6A1E07CC9D0050C6A3 /* Assets.xcassets */ = {isa = PBXFileReference; lastKnownFileType = folder.assetcatalog; path = Assets.xcassets; sourceTree = "<group>"; };
		7983CD6D1E07CC9D0050C6A3 /* Base */ = {isa = PBXFileReference; lastKnownFileType = file.storyboard; name = Base; path = Base.lproj/LaunchScreen.storyboard; sourceTree = "<group>"; };
		7983CD6F1E07CC9D0050C6A3 /* Info.plist */ = {isa = PBXFileReference; lastKnownFileType = text.plist.xml; path = Info.plist; sourceTree = "<group>"; };
		798CF3431E0DEDAB006BDBE1 /* DashedCircleView.swift */ = {isa = PBXFileReference; fileEncoding = 4; lastKnownFileType = sourcecode.swift; path = DashedCircleView.swift; sourceTree = "<group>"; };
		79BAF0231E0913D60067B85A /* RippleKit.framework */ = {isa = PBXFileReference; explicitFileType = wrapper.framework; includeInIndex = 0; path = RippleKit.framework; sourceTree = BUILT_PRODUCTS_DIR; };
		79BAF0251E0913D60067B85A /* RippleKit.h */ = {isa = PBXFileReference; lastKnownFileType = sourcecode.c.h; path = RippleKit.h; sourceTree = "<group>"; };
		79BAF0261E0913D60067B85A /* Info.plist */ = {isa = PBXFileReference; lastKnownFileType = text.plist.xml; path = Info.plist; sourceTree = "<group>"; };
		79BAF0351E0915770067B85A /* Ripple Widget.appex */ = {isa = PBXFileReference; explicitFileType = "wrapper.app-extension"; includeInIndex = 0; path = "Ripple Widget.appex"; sourceTree = BUILT_PRODUCTS_DIR; };
		79BAF0371E0915770067B85A /* NotificationCenter.framework */ = {isa = PBXFileReference; lastKnownFileType = wrapper.framework; name = NotificationCenter.framework; path = System/Library/Frameworks/NotificationCenter.framework; sourceTree = SDKROOT; };
		79BAF03A1E0915770067B85A /* TodayViewController.swift */ = {isa = PBXFileReference; lastKnownFileType = sourcecode.swift; path = TodayViewController.swift; sourceTree = "<group>"; };
		79BAF03D1E0915770067B85A /* Base */ = {isa = PBXFileReference; lastKnownFileType = file.storyboard; name = Base; path = Base.lproj/MainInterface.storyboard; sourceTree = "<group>"; };
		79BAF03F1E0915770067B85A /* Info.plist */ = {isa = PBXFileReference; lastKnownFileType = text.plist.xml; path = Info.plist; sourceTree = "<group>"; };
		79BAF0491E0A0DE60067B85A /* AppViewController.swift */ = {isa = PBXFileReference; fileEncoding = 4; lastKnownFileType = sourcecode.swift; path = AppViewController.swift; sourceTree = "<group>"; };
/* End PBXFileReference section */

/* Begin PBXFrameworksBuildPhase section */
		7983CD5D1E07CC9D0050C6A3 /* Frameworks */ = {
			isa = PBXFrameworksBuildPhase;
			buildActionMask = 2147483647;
			files = (
				79BAF02A1E0913D60067B85A /* RippleKit.framework in Frameworks */,
			);
			runOnlyForDeploymentPostprocessing = 0;
		};
		79BAF01F1E0913D60067B85A /* Frameworks */ = {
			isa = PBXFrameworksBuildPhase;
			buildActionMask = 2147483647;
			files = (
			);
			runOnlyForDeploymentPostprocessing = 0;
		};
		79BAF0321E0915770067B85A /* Frameworks */ = {
			isa = PBXFrameworksBuildPhase;
			buildActionMask = 2147483647;
			files = (
				79BAF0471E0915940067B85A /* RippleKit.framework in Frameworks */,
				79BAF0381E0915770067B85A /* NotificationCenter.framework in Frameworks */,
			);
			runOnlyForDeploymentPostprocessing = 0;
		};
/* End PBXFrameworksBuildPhase section */

/* Begin PBXGroup section */
		790B9BE71E0BD793001A4FA8 /* View Controllers */ = {
			isa = PBXGroup;
			children = (
				790B9BE51E0BD5B4001A4FA8 /* InitialViewController.swift */,
				79BAF0491E0A0DE60067B85A /* AppViewController.swift */,
				790B9BE81E0BD8D6001A4FA8 /* SettingsViewController.swift */,
			);
			name = "View Controllers";
			sourceTree = "<group>";
		};
		792E92ED1E08CB3E001FDB04 /* Extensions */ = {
			isa = PBXGroup;
			children = (
				792E92EE1E08CB4D001FDB04 /* UIColorExtensions.swift */,
				79429A9B1E0E21AA00D0B9D6 /* UserDefaultsExtensions.swift */,
			);
			name = Extensions;
			path = ../Ripple;
			sourceTree = "<group>";
		};
		7983CD571E07CC9D0050C6A3 = {
			isa = PBXGroup;
			children = (
				7983CD621E07CC9D0050C6A3 /* Ripple */,
				79BAF0241E0913D60067B85A /* RippleKit */,
				79BAF0391E0915770067B85A /* Ripple Widget */,
				79BAF0361E0915770067B85A /* Frameworks */,
				7983CD611E07CC9D0050C6A3 /* Products */,
			);
			sourceTree = "<group>";
		};
		7983CD611E07CC9D0050C6A3 /* Products */ = {
			isa = PBXGroup;
			children = (
				7983CD601E07CC9D0050C6A3 /* Ripple.app */,
				79BAF0231E0913D60067B85A /* RippleKit.framework */,
				79BAF0351E0915770067B85A /* Ripple Widget.appex */,
			);
			name = Products;
			sourceTree = "<group>";
		};
		7983CD621E07CC9D0050C6A3 /* Ripple */ = {
			isa = PBXGroup;
			children = (
				79429A9D1E0E5DC500D0B9D6 /* Ripple.entitlements */,
				7983CD631E07CC9D0050C6A3 /* AppDelegate.swift */,
				7983CD671E07CC9D0050C6A3 /* Main.storyboard */,
				790B9BE71E0BD793001A4FA8 /* View Controllers */,
				798CF3431E0DEDAB006BDBE1 /* DashedCircleView.swift */,
				798CF3451E0DEFFB006BDBE1 /* Supporting Files */,
			);
			path = Ripple;
			sourceTree = "<group>";
		};
		798CF3451E0DEFFB006BDBE1 /* Supporting Files */ = {
			isa = PBXGroup;
			children = (
				7983CD6A1E07CC9D0050C6A3 /* Assets.xcassets */,
				7983CD6C1E07CC9D0050C6A3 /* LaunchScreen.storyboard */,
				7983CD6F1E07CC9D0050C6A3 /* Info.plist */,
			);
			name = "Supporting Files";
			sourceTree = "<group>";
		};
		79BAF0241E0913D60067B85A /* RippleKit */ = {
			isa = PBXGroup;
			children = (
				792E92ED1E08CB3E001FDB04 /* Extensions */,
				7983CD651E07CC9D0050C6A3 /* RippleViewController.swift */,
				79BAF0251E0913D60067B85A /* RippleKit.h */,
				79BAF0261E0913D60067B85A /* Info.plist */,
			);
			path = RippleKit;
			sourceTree = "<group>";
		};
		79BAF0361E0915770067B85A /* Frameworks */ = {
			isa = PBXGroup;
			children = (
				79BAF0371E0915770067B85A /* NotificationCenter.framework */,
			);
			name = Frameworks;
			sourceTree = "<group>";
		};
		79BAF0391E0915770067B85A /* Ripple Widget */ = {
			isa = PBXGroup;
			children = (
				79429A9E1E0E5EA300D0B9D6 /* Ripple Widget.entitlements */,
				79BAF03A1E0915770067B85A /* TodayViewController.swift */,
				79BAF03C1E0915770067B85A /* MainInterface.storyboard */,
				79BAF03F1E0915770067B85A /* Info.plist */,
			);
			path = "Ripple Widget";
			sourceTree = "<group>";
		};
/* End PBXGroup section */

/* Begin PBXHeadersBuildPhase section */
		79BAF0201E0913D60067B85A /* Headers */ = {
			isa = PBXHeadersBuildPhase;
			buildActionMask = 2147483647;
			files = (
				79BAF0271E0913D60067B85A /* RippleKit.h in Headers */,
			);
			runOnlyForDeploymentPostprocessing = 0;
		};
/* End PBXHeadersBuildPhase section */

/* Begin PBXNativeTarget section */
		7983CD5F1E07CC9D0050C6A3 /* Ripple */ = {
			isa = PBXNativeTarget;
			buildConfigurationList = 7983CD721E07CC9D0050C6A3 /* Build configuration list for PBXNativeTarget "Ripple" */;
			buildPhases = (
				7983CD5C1E07CC9D0050C6A3 /* Sources */,
				7983CD5D1E07CC9D0050C6A3 /* Frameworks */,
				7983CD5E1E07CC9D0050C6A3 /* Resources */,
				79BAF02F1E0913D60067B85A /* Embed Frameworks */,
				79BAF0461E0915770067B85A /* Embed App Extensions */,
			);
			buildRules = (
			);
			dependencies = (
				79BAF0291E0913D60067B85A /* PBXTargetDependency */,
				79BAF0411E0915770067B85A /* PBXTargetDependency */,
			);
			name = Ripple;
			productName = Ripple;
			productReference = 7983CD601E07CC9D0050C6A3 /* Ripple.app */;
			productType = "com.apple.product-type.application";
		};
		79BAF0221E0913D60067B85A /* RippleKit */ = {
			isa = PBXNativeTarget;
			buildConfigurationList = 79BAF02C1E0913D60067B85A /* Build configuration list for PBXNativeTarget "RippleKit" */;
			buildPhases = (
				79BAF01E1E0913D60067B85A /* Sources */,
				79BAF01F1E0913D60067B85A /* Frameworks */,
				79BAF0201E0913D60067B85A /* Headers */,
				79BAF0211E0913D60067B85A /* Resources */,
			);
			buildRules = (
			);
			dependencies = (
			);
			name = RippleKit;
			productName = RippleKit;
			productReference = 79BAF0231E0913D60067B85A /* RippleKit.framework */;
			productType = "com.apple.product-type.framework";
		};
		79BAF0341E0915770067B85A /* Ripple Widget */ = {
			isa = PBXNativeTarget;
			buildConfigurationList = 79BAF0431E0915770067B85A /* Build configuration list for PBXNativeTarget "Ripple Widget" */;
			buildPhases = (
				79BAF0311E0915770067B85A /* Sources */,
				79BAF0321E0915770067B85A /* Frameworks */,
				79BAF0331E0915770067B85A /* Resources */,
			);
			buildRules = (
			);
			dependencies = (
			);
			name = "Ripple Widget";
			productName = "Ripple Widget";
			productReference = 79BAF0351E0915770067B85A /* Ripple Widget.appex */;
			productType = "com.apple.product-type.app-extension";
		};
/* End PBXNativeTarget section */

/* Begin PBXProject section */
		7983CD581E07CC9D0050C6A3 /* Project object */ = {
			isa = PBXProject;
			attributes = {
				LastSwiftUpdateCheck = 0810;
				LastUpgradeCheck = 0820;
				ORGANIZATIONNAME = "Keith Lee";
				TargetAttributes = {
					7983CD5F1E07CC9D0050C6A3 = {
						CreatedOnToolsVersion = 8.1;
						DevelopmentTeam = QGV37CRU79;
						ProvisioningStyle = Automatic;
						SystemCapabilities = {
							com.apple.ApplicationGroups.iOS = {
								enabled = 1;
							};
						};
					};
					79BAF0221E0913D60067B85A = {
						CreatedOnToolsVersion = 8.1;
						DevelopmentTeam = 5K27PD58GS;
						ProvisioningStyle = Automatic;
					};
					79BAF0341E0915770067B85A = {
						CreatedOnToolsVersion = 8.1;
						DevelopmentTeam = QGV37CRU79;
						ProvisioningStyle = Automatic;
						SystemCapabilities = {
							com.apple.ApplicationGroups.iOS = {
								enabled = 1;
							};
						};
					};
				};
			};
			buildConfigurationList = 7983CD5B1E07CC9D0050C6A3 /* Build configuration list for PBXProject "Ripple" */;
			compatibilityVersion = "Xcode 3.2";
			developmentRegion = English;
			hasScannedForEncodings = 0;
			knownRegions = (
				en,
				Base,
			);
			mainGroup = 7983CD571E07CC9D0050C6A3;
			productRefGroup = 7983CD611E07CC9D0050C6A3 /* Products */;
			projectDirPath = "";
			projectRoot = "";
			targets = (
				7983CD5F1E07CC9D0050C6A3 /* Ripple */,
				79BAF0221E0913D60067B85A /* RippleKit */,
				79BAF0341E0915770067B85A /* Ripple Widget */,
			);
		};
/* End PBXProject section */

/* Begin PBXResourcesBuildPhase section */
		7983CD5E1E07CC9D0050C6A3 /* Resources */ = {
			isa = PBXResourcesBuildPhase;
			buildActionMask = 2147483647;
			files = (
				7983CD6E1E07CC9D0050C6A3 /* LaunchScreen.storyboard in Resources */,
				7983CD6B1E07CC9D0050C6A3 /* Assets.xcassets in Resources */,
				7983CD691E07CC9D0050C6A3 /* Main.storyboard in Resources */,
			);
			runOnlyForDeploymentPostprocessing = 0;
		};
		79BAF0211E0913D60067B85A /* Resources */ = {
			isa = PBXResourcesBuildPhase;
			buildActionMask = 2147483647;
			files = (
			);
			runOnlyForDeploymentPostprocessing = 0;
		};
		79BAF0331E0915770067B85A /* Resources */ = {
			isa = PBXResourcesBuildPhase;
			buildActionMask = 2147483647;
			files = (
				79BAF03E1E0915770067B85A /* MainInterface.storyboard in Resources */,
			);
			runOnlyForDeploymentPostprocessing = 0;
		};
/* End PBXResourcesBuildPhase section */

/* Begin PBXSourcesBuildPhase section */
		7983CD5C1E07CC9D0050C6A3 /* Sources */ = {
			isa = PBXSourcesBuildPhase;
			buildActionMask = 2147483647;
			files = (
				790B9BE61E0BD5B4001A4FA8 /* InitialViewController.swift in Sources */,
				798CF3441E0DEDAB006BDBE1 /* DashedCircleView.swift in Sources */,
				79BAF04A1E0A0DE60067B85A /* AppViewController.swift in Sources */,
				7983CD641E07CC9D0050C6A3 /* AppDelegate.swift in Sources */,
				790B9BE91E0BD8D6001A4FA8 /* SettingsViewController.swift in Sources */,
			);
			runOnlyForDeploymentPostprocessing = 0;
		};
		79BAF01E1E0913D60067B85A /* Sources */ = {
			isa = PBXSourcesBuildPhase;
			buildActionMask = 2147483647;
			files = (
				79BAF0481E0A0DB90067B85A /* RippleViewController.swift in Sources */,
				79BAF0301E09143F0067B85A /* UIColorExtensions.swift in Sources */,
				79429A9C1E0E21AA00D0B9D6 /* UserDefaultsExtensions.swift in Sources */,
			);
			runOnlyForDeploymentPostprocessing = 0;
		};
		79BAF0311E0915770067B85A /* Sources */ = {
			isa = PBXSourcesBuildPhase;
			buildActionMask = 2147483647;
			files = (
				79BAF03B1E0915770067B85A /* TodayViewController.swift in Sources */,
			);
			runOnlyForDeploymentPostprocessing = 0;
		};
/* End PBXSourcesBuildPhase section */

/* Begin PBXTargetDependency section */
		79BAF0291E0913D60067B85A /* PBXTargetDependency */ = {
			isa = PBXTargetDependency;
			target = 79BAF0221E0913D60067B85A /* RippleKit */;
			targetProxy = 79BAF0281E0913D60067B85A /* PBXContainerItemProxy */;
		};
		79BAF0411E0915770067B85A /* PBXTargetDependency */ = {
			isa = PBXTargetDependency;
			target = 79BAF0341E0915770067B85A /* Ripple Widget */;
			targetProxy = 79BAF0401E0915770067B85A /* PBXContainerItemProxy */;
		};
/* End PBXTargetDependency section */

/* Begin PBXVariantGroup section */
		7983CD671E07CC9D0050C6A3 /* Main.storyboard */ = {
			isa = PBXVariantGroup;
			children = (
				7983CD681E07CC9D0050C6A3 /* Base */,
			);
			name = Main.storyboard;
			sourceTree = "<group>";
		};
		7983CD6C1E07CC9D0050C6A3 /* LaunchScreen.storyboard */ = {
			isa = PBXVariantGroup;
			children = (
				7983CD6D1E07CC9D0050C6A3 /* Base */,
			);
			name = LaunchScreen.storyboard;
			sourceTree = "<group>";
		};
		79BAF03C1E0915770067B85A /* MainInterface.storyboard */ = {
			isa = PBXVariantGroup;
			children = (
				79BAF03D1E0915770067B85A /* Base */,
			);
			name = MainInterface.storyboard;
			sourceTree = "<group>";
		};
/* End PBXVariantGroup section */

/* Begin XCBuildConfiguration section */
		7983CD701E07CC9D0050C6A3 /* Debug */ = {
			isa = XCBuildConfiguration;
			buildSettings = {
				ALWAYS_SEARCH_USER_PATHS = NO;
				CLANG_ANALYZER_NONNULL = YES;
				CLANG_CXX_LANGUAGE_STANDARD = "gnu++0x";
				CLANG_CXX_LIBRARY = "libc++";
				CLANG_ENABLE_MODULES = YES;
				CLANG_ENABLE_OBJC_ARC = YES;
				CLANG_WARN_BOOL_CONVERSION = YES;
				CLANG_WARN_CONSTANT_CONVERSION = YES;
				CLANG_WARN_DIRECT_OBJC_ISA_USAGE = YES_ERROR;
				CLANG_WARN_DOCUMENTATION_COMMENTS = YES;
				CLANG_WARN_EMPTY_BODY = YES;
				CLANG_WARN_ENUM_CONVERSION = YES;
				CLANG_WARN_INFINITE_RECURSION = YES;
				CLANG_WARN_INT_CONVERSION = YES;
				CLANG_WARN_OBJC_ROOT_CLASS = YES_ERROR;
				CLANG_WARN_SUSPICIOUS_MOVE = YES;
				CLANG_WARN_SUSPICIOUS_MOVES = YES;
				CLANG_WARN_UNREACHABLE_CODE = YES;
				CLANG_WARN__DUPLICATE_METHOD_MATCH = YES;
				"CODE_SIGN_IDENTITY[sdk=iphoneos*]" = "iPhone Developer";
				COPY_PHASE_STRIP = NO;
				DEBUG_INFORMATION_FORMAT = dwarf;
				ENABLE_STRICT_OBJC_MSGSEND = YES;
				ENABLE_TESTABILITY = YES;
				GCC_C_LANGUAGE_STANDARD = gnu99;
				GCC_DYNAMIC_NO_PIC = NO;
				GCC_NO_COMMON_BLOCKS = YES;
				GCC_OPTIMIZATION_LEVEL = 0;
				GCC_PREPROCESSOR_DEFINITIONS = (
					"DEBUG=1",
					"$(inherited)",
				);
				GCC_WARN_64_TO_32_BIT_CONVERSION = YES;
				GCC_WARN_ABOUT_RETURN_TYPE = YES_ERROR;
				GCC_WARN_UNDECLARED_SELECTOR = YES;
				GCC_WARN_UNINITIALIZED_AUTOS = YES_AGGRESSIVE;
				GCC_WARN_UNUSED_FUNCTION = YES;
				GCC_WARN_UNUSED_VARIABLE = YES;
				IPHONEOS_DEPLOYMENT_TARGET = 10.1;
				MTL_ENABLE_DEBUG_INFO = YES;
				ONLY_ACTIVE_ARCH = YES;
				SDKROOT = iphoneos;
				SWIFT_ACTIVE_COMPILATION_CONDITIONS = DEBUG;
				SWIFT_OPTIMIZATION_LEVEL = "-Onone";
				TARGETED_DEVICE_FAMILY = "1,2";
			};
			name = Debug;
		};
		7983CD711E07CC9D0050C6A3 /* Release */ = {
			isa = XCBuildConfiguration;
			buildSettings = {
				ALWAYS_SEARCH_USER_PATHS = NO;
				CLANG_ANALYZER_NONNULL = YES;
				CLANG_CXX_LANGUAGE_STANDARD = "gnu++0x";
				CLANG_CXX_LIBRARY = "libc++";
				CLANG_ENABLE_MODULES = YES;
				CLANG_ENABLE_OBJC_ARC = YES;
				CLANG_WARN_BOOL_CONVERSION = YES;
				CLANG_WARN_CONSTANT_CONVERSION = YES;
				CLANG_WARN_DIRECT_OBJC_ISA_USAGE = YES_ERROR;
				CLANG_WARN_DOCUMENTATION_COMMENTS = YES;
				CLANG_WARN_EMPTY_BODY = YES;
				CLANG_WARN_ENUM_CONVERSION = YES;
				CLANG_WARN_INFINITE_RECURSION = YES;
				CLANG_WARN_INT_CONVERSION = YES;
				CLANG_WARN_OBJC_ROOT_CLASS = YES_ERROR;
				CLANG_WARN_SUSPICIOUS_MOVE = YES;
				CLANG_WARN_SUSPICIOUS_MOVES = YES;
				CLANG_WARN_UNREACHABLE_CODE = YES;
				CLANG_WARN__DUPLICATE_METHOD_MATCH = YES;
				"CODE_SIGN_IDENTITY[sdk=iphoneos*]" = "iPhone Developer";
				COPY_PHASE_STRIP = NO;
				DEBUG_INFORMATION_FORMAT = "dwarf-with-dsym";
				ENABLE_NS_ASSERTIONS = NO;
				ENABLE_STRICT_OBJC_MSGSEND = YES;
				GCC_C_LANGUAGE_STANDARD = gnu99;
				GCC_NO_COMMON_BLOCKS = YES;
				GCC_WARN_64_TO_32_BIT_CONVERSION = YES;
				GCC_WARN_ABOUT_RETURN_TYPE = YES_ERROR;
				GCC_WARN_UNDECLARED_SELECTOR = YES;
				GCC_WARN_UNINITIALIZED_AUTOS = YES_AGGRESSIVE;
				GCC_WARN_UNUSED_FUNCTION = YES;
				GCC_WARN_UNUSED_VARIABLE = YES;
				IPHONEOS_DEPLOYMENT_TARGET = 10.1;
				MTL_ENABLE_DEBUG_INFO = NO;
				SDKROOT = iphoneos;
				SWIFT_OPTIMIZATION_LEVEL = "-Owholemodule";
				TARGETED_DEVICE_FAMILY = "1,2";
				VALIDATE_PRODUCT = YES;
			};
			name = Release;
		};
		7983CD731E07CC9D0050C6A3 /* Debug */ = {
			isa = XCBuildConfiguration;
			buildSettings = {
				ALWAYS_EMBED_SWIFT_STANDARD_LIBRARIES = YES;
				ASSETCATALOG_COMPILER_APPICON_NAME = AppIcon;
				CODE_SIGN_ENTITLEMENTS = Ripple/Ripple.entitlements;
				DEVELOPMENT_TEAM = QGV37CRU79;
				INFOPLIST_FILE = Ripple/Info.plist;
				IPHONEOS_DEPLOYMENT_TARGET = 9.3;
				LD_RUNPATH_SEARCH_PATHS = "$(inherited) @executable_path/Frameworks";
				PRODUCT_BUNDLE_IDENTIFIER = com.KeithLee.Ripple;
				PRODUCT_NAME = "$(TARGET_NAME)";
				SWIFT_VERSION = 3.0;
				TARGETED_DEVICE_FAMILY = "1,2";
			};
			name = Debug;
		};
		7983CD741E07CC9D0050C6A3 /* Release */ = {
			isa = XCBuildConfiguration;
			buildSettings = {
				ALWAYS_EMBED_SWIFT_STANDARD_LIBRARIES = YES;
				ASSETCATALOG_COMPILER_APPICON_NAME = AppIcon;
				CODE_SIGN_ENTITLEMENTS = Ripple/Ripple.entitlements;
				DEVELOPMENT_TEAM = QGV37CRU79;
				INFOPLIST_FILE = Ripple/Info.plist;
				IPHONEOS_DEPLOYMENT_TARGET = 9.3;
				LD_RUNPATH_SEARCH_PATHS = "$(inherited) @executable_path/Frameworks";
				PRODUCT_BUNDLE_IDENTIFIER = com.KeithLee.Ripple;
				PRODUCT_NAME = "$(TARGET_NAME)";
				SWIFT_VERSION = 3.0;
				TARGETED_DEVICE_FAMILY = "1,2";
			};
			name = Release;
		};
		79BAF02D1E0913D60067B85A /* Debug */ = {
			isa = XCBuildConfiguration;
			buildSettings = {
				CODE_SIGN_IDENTITY = "";
				CURRENT_PROJECT_VERSION = 1;
				DEFINES_MODULE = YES;
				DEVELOPMENT_TEAM = 5K27PD58GS;
				DYLIB_COMPATIBILITY_VERSION = 1;
				DYLIB_CURRENT_VERSION = 1;
				DYLIB_INSTALL_NAME_BASE = "@rpath";
				INFOPLIST_FILE = RippleKit/Info.plist;
				INSTALL_PATH = "$(LOCAL_LIBRARY_DIR)/Frameworks";
				IPHONEOS_DEPLOYMENT_TARGET = 9.3;
				LD_RUNPATH_SEARCH_PATHS = "$(inherited) @executable_path/Frameworks @loader_path/Frameworks";
				PRODUCT_BUNDLE_IDENTIFIER = com.KeithLee.RippleKit;
				PRODUCT_NAME = "$(TARGET_NAME)";
				SKIP_INSTALL = YES;
				SWIFT_VERSION = 3.0;
				VERSIONING_SYSTEM = "apple-generic";
				VERSION_INFO_PREFIX = "";
			};
			name = Debug;
		};
		79BAF02E1E0913D60067B85A /* Release */ = {
			isa = XCBuildConfiguration;
			buildSettings = {
				CODE_SIGN_IDENTITY = "";
				CURRENT_PROJECT_VERSION = 1;
				DEFINES_MODULE = YES;
				DEVELOPMENT_TEAM = 5K27PD58GS;
				DYLIB_COMPATIBILITY_VERSION = 1;
				DYLIB_CURRENT_VERSION = 1;
				DYLIB_INSTALL_NAME_BASE = "@rpath";
				INFOPLIST_FILE = RippleKit/Info.plist;
				INSTALL_PATH = "$(LOCAL_LIBRARY_DIR)/Frameworks";
				IPHONEOS_DEPLOYMENT_TARGET = 9.3;
				LD_RUNPATH_SEARCH_PATHS = "$(inherited) @executable_path/Frameworks @loader_path/Frameworks";
				PRODUCT_BUNDLE_IDENTIFIER = com.KeithLee.RippleKit;
				PRODUCT_NAME = "$(TARGET_NAME)";
				SKIP_INSTALL = YES;
				SWIFT_VERSION = 3.0;
				VERSIONING_SYSTEM = "apple-generic";
				VERSION_INFO_PREFIX = "";
			};
			name = Release;
		};
		79BAF0441E0915770067B85A /* Debug */ = {
			isa = XCBuildConfiguration;
			buildSettings = {
				CODE_SIGN_ENTITLEMENTS = "Ripple Widget/Ripple Widget.entitlements";
				DEVELOPMENT_TEAM = QGV37CRU79;
				INFOPLIST_FILE = "Ripple Widget/Info.plist";
				IPHONEOS_DEPLOYMENT_TARGET = 9.3;
				LD_RUNPATH_SEARCH_PATHS = "$(inherited) @executable_path/Frameworks @executable_path/../../Frameworks";
				PRODUCT_BUNDLE_IDENTIFIER = com.KeithLee.Ripple.Ripple;
				PRODUCT_NAME = "$(TARGET_NAME)";
				SKIP_INSTALL = YES;
				SWIFT_VERSION = 3.0;
			};
			name = Debug;
		};
		79BAF0451E0915770067B85A /* Release */ = {
			isa = XCBuildConfiguration;
			buildSettings = {
				CODE_SIGN_ENTITLEMENTS = "Ripple Widget/Ripple Widget.entitlements";
				DEVELOPMENT_TEAM = QGV37CRU79;
				INFOPLIST_FILE = "Ripple Widget/Info.plist";
				IPHONEOS_DEPLOYMENT_TARGET = 9.3;
				LD_RUNPATH_SEARCH_PATHS = "$(inherited) @executable_path/Frameworks @executable_path/../../Frameworks";
				PRODUCT_BUNDLE_IDENTIFIER = com.KeithLee.Ripple.Ripple;
				PRODUCT_NAME = "$(TARGET_NAME)";
				SKIP_INSTALL = YES;
				SWIFT_VERSION = 3.0;
			};
			name = Release;
		};
/* End XCBuildConfiguration section */

/* Begin XCConfigurationList section */
		7983CD5B1E07CC9D0050C6A3 /* Build configuration list for PBXProject "Ripple" */ = {
			isa = XCConfigurationList;
			buildConfigurations = (
				7983CD701E07CC9D0050C6A3 /* Debug */,
				7983CD711E07CC9D0050C6A3 /* Release */,
			);
			defaultConfigurationIsVisible = 0;
			defaultConfigurationName = Release;
		};
		7983CD721E07CC9D0050C6A3 /* Build configuration list for PBXNativeTarget "Ripple" */ = {
			isa = XCConfigurationList;
			buildConfigurations = (
				7983CD731E07CC9D0050C6A3 /* Debug */,
				7983CD741E07CC9D0050C6A3 /* Release */,
			);
			defaultConfigurationIsVisible = 0;
			defaultConfigurationName = Release;
		};
		79BAF02C1E0913D60067B85A /* Build configuration list for PBXNativeTarget "RippleKit" */ = {
			isa = XCConfigurationList;
			buildConfigurations = (
				79BAF02D1E0913D60067B85A /* Debug */,
				79BAF02E1E0913D60067B85A /* Release */,
			);
			defaultConfigurationIsVisible = 0;
			defaultConfigurationName = Release;
		};
		79BAF0431E0915770067B85A /* Build configuration list for PBXNativeTarget "Ripple Widget" */ = {
			isa = XCConfigurationList;
			buildConfigurations = (
				79BAF0441E0915770067B85A /* Debug */,
				79BAF0451E0915770067B85A /* Release */,
			);
			defaultConfigurationIsVisible = 0;
			defaultConfigurationName = Release;
		};
/* End XCConfigurationList section */
	};
	rootObject = 7983CD581E07CC9D0050C6A3 /* Project object */;
}
