// !$*UTF8*$!
{
	archiveVersion = 1;
	classes = {
	};
	objectVersion = 46;
	objects = {

/* Begin PBXBuildFile section */
		792E92EF1E08CB4D001FDB04 /* UIColorExtensions.swift in Sources */ = {isa = PBXBuildFile; fileRef = 792E92EE1E08CB4D001FDB04 /* UIColorExtensions.swift */; };
		7983CD641E07CC9D0050C6A3 /* AppDelegate.swift in Sources */ = {isa = PBXBuildFile; fileRef = 7983CD631E07CC9D0050C6A3 /* AppDelegate.swift */; };
		7983CD661E07CC9D0050C6A3 /* ViewController.swift in Sources */ = {isa = PBXBuildFile; fileRef = 7983CD651E07CC9D0050C6A3 /* ViewController.swift */; };
		7983CD691E07CC9D0050C6A3 /* Main.storyboard in Resources */ = {isa = PBXBuildFile; fileRef = 7983CD671E07CC9D0050C6A3 /* Main.storyboard */; };
		7983CD6B1E07CC9D0050C6A3 /* Assets.xcassets in Resources */ = {isa = PBXBuildFile; fileRef = 7983CD6A1E07CC9D0050C6A3 /* Assets.xcassets */; };
		7983CD6E1E07CC9D0050C6A3 /* LaunchScreen.storyboard in Resources */ = {isa = PBXBuildFile; fileRef = 7983CD6C1E07CC9D0050C6A3 /* LaunchScreen.storyboard */; };
/* End PBXBuildFile section */

/* Begin PBXFileReference section */
		792E92EE1E08CB4D001FDB04 /* UIColorExtensions.swift */ = {isa = PBXFileReference; fileEncoding = 4; lastKnownFileType = sourcecode.swift; path = UIColorExtensions.swift; sourceTree = "<group>"; };
		7983CD601E07CC9D0050C6A3 /* Ripple.app */ = {isa = PBXFileReference; explicitFileType = wrapper.application; includeInIndex = 0; path = Ripple.app; sourceTree = BUILT_PRODUCTS_DIR; };
		7983CD631E07CC9D0050C6A3 /* AppDelegate.swift */ = {isa = PBXFileReference; lastKnownFileType = sourcecode.swift; path = AppDelegate.swift; sourceTree = "<group>"; };
		7983CD651E07CC9D0050C6A3 /* ViewController.swift */ = {isa = PBXFileReference; lastKnownFileType = sourcecode.swift; path = ViewController.swift; sourceTree = "<group>"; };
		7983CD681E07CC9D0050C6A3 /* Base */ = {isa = PBXFileReference; lastKnownFileType = file.storyboard; name = Base; path = Base.lproj/Main.storyboard; sourceTree = "<group>"; };
		7983CD6A1E07CC9D0050C6A3 /* Assets.xcassets */ = {isa = PBXFileReference; lastKnownFileType = folder.assetcatalog; path = Assets.xcassets; sourceTree = "<group>"; };
		7983CD6D1E07CC9D0050C6A3 /* Base */ = {isa = PBXFileReference; lastKnownFileType = file.storyboard; name = Base; path = Base.lproj/LaunchScreen.storyboard; sourceTree = "<group>"; };
		7983CD6F1E07CC9D0050C6A3 /* Info.plist */ = {isa = PBXFileReference; lastKnownFileType = text.plist.xml; path = Info.plist; sourceTree = "<group>"; };
/* End PBXFileReference section */

/* Begin PBXFrameworksBuildPhase section */
		7983CD5D1E07CC9D0050C6A3 /* Frameworks */ = {
			isa = PBXFrameworksBuildPhase;
			buildActionMask = 2147483647;
			files = (
			);
			runOnlyForDeploymentPostprocessing = 0;
		};
/* End PBXFrameworksBuildPhase section */

/* Begin PBXGroup section */
		792E92ED1E08CB3E001FDB04 /* Extensions */ = {
			isa = PBXGroup;
			children = (
				792E92EE1E08CB4D001FDB04 /* UIColorExtensions.swift */,
			);
			name = Extensions;
			sourceTree = "<group>";
		};
		7983CD571E07CC9D0050C6A3 = {
			isa = PBXGroup;
			children = (
				7983CD621E07CC9D0050C6A3 /* Ripple */,
				7983CD611E07CC9D0050C6A3 /* Products */,
			);
			sourceTree = "<group>";
		};
		7983CD611E07CC9D0050C6A3 /* Products */ = {
			isa = PBXGroup;
			children = (
				7983CD601E07CC9D0050C6A3 /* Ripple.app */,
			);
			name = Products;
			sourceTree = "<group>";
		};
		7983CD621E07CC9D0050C6A3 /* Ripple */ = {
			isa = PBXGroup;
			children = (
				792E92ED1E08CB3E001FDB04 /* Extensions */,
				7983CD631E07CC9D0050C6A3 /* AppDelegate.swift */,
				7983CD651E07CC9D0050C6A3 /* ViewController.swift */,
				7983CD671E07CC9D0050C6A3 /* Main.storyboard */,
				7983CD6A1E07CC9D0050C6A3 /* Assets.xcassets */,
				7983CD6C1E07CC9D0050C6A3 /* LaunchScreen.storyboard */,
				7983CD6F1E07CC9D0050C6A3 /* Info.plist */,
			);
			path = Ripple;
			sourceTree = "<group>";
		};
/* End PBXGroup section */

/* Begin PBXNativeTarget section */
		7983CD5F1E07CC9D0050C6A3 /* Ripple */ = {
			isa = PBXNativeTarget;
			buildConfigurationList = 7983CD721E07CC9D0050C6A3 /* Build configuration list for PBXNativeTarget "Ripple" */;
			buildPhases = (
				7983CD5C1E07CC9D0050C6A3 /* Sources */,
				7983CD5D1E07CC9D0050C6A3 /* Frameworks */,
				7983CD5E1E07CC9D0050C6A3 /* Resources */,
			);
			buildRules = (
			);
			dependencies = (
			);
			name = Ripple;
			productName = Ripple;
			productReference = 7983CD601E07CC9D0050C6A3 /* Ripple.app */;
			productType = "com.apple.product-type.application";
		};
/* End PBXNativeTarget section */

/* Begin PBXProject section */
		7983CD581E07CC9D0050C6A3 /* Project object */ = {
			isa = PBXProject;
			attributes = {
				LastSwiftUpdateCheck = 0810;
				LastUpgradeCheck = 0810;
				ORGANIZATIONNAME = "Keith Lee";
				TargetAttributes = {
					7983CD5F1E07CC9D0050C6A3 = {
						CreatedOnToolsVersion = 8.1;
						DevelopmentTeam = 5K27PD58GS;
						ProvisioningStyle = Automatic;
					};
				};
			};
			buildConfigurationList = 7983CD5B1E07CC9D0050C6A3 /* Build configuration list for PBXProject "Ripple" */;
			compatibilityVersion = "Xcode 3.2";
			developmentRegion = English;
			hasScannedForEncodings = 0;
			knownRegions = (
				en,
				Base,
			);
			mainGroup = 7983CD571E07CC9D0050C6A3;
			productRefGroup = 7983CD611E07CC9D0050C6A3 /* Products */;
			projectDirPath = "";
			projectRoot = "";
			targets = (
				7983CD5F1E07CC9D0050C6A3 /* Ripple */,
			);
		};
/* End PBXProject section */

/* Begin PBXResourcesBuildPhase section */
		7983CD5E1E07CC9D0050C6A3 /* Resources */ = {
			isa = PBXResourcesBuildPhase;
			buildActionMask = 2147483647;
			files = (
				7983CD6E1E07CC9D0050C6A3 /* LaunchScreen.storyboard in Resources */,
				7983CD6B1E07CC9D0050C6A3 /* Assets.xcassets in Resources */,
				7983CD691E07CC9D0050C6A3 /* Main.storyboard in Resources */,
			);
			runOnlyForDeploymentPostprocessing = 0;
		};
/* End PBXResourcesBuildPhase section */

/* Begin PBXSourcesBuildPhase section */
		7983CD5C1E07CC9D0050C6A3 /* Sources */ = {
			isa = PBXSourcesBuildPhase;
			buildActionMask = 2147483647;
			files = (
				792E92EF1E08CB4D001FDB04 /* UIColorExtensions.swift in Sources */,
				7983CD661E07CC9D0050C6A3 /* ViewController.swift in Sources */,
				7983CD641E07CC9D0050C6A3 /* AppDelegate.swift in Sources */,
			);
			runOnlyForDeploymentPostprocessing = 0;
		};
/* End PBXSourcesBuildPhase section */

/* Begin PBXVariantGroup section */
		7983CD671E07CC9D0050C6A3 /* Main.storyboard */ = {
			isa = PBXVariantGroup;
			children = (
				7983CD681E07CC9D0050C6A3 /* Base */,
			);
			name = Main.storyboard;
			sourceTree = "<group>";
		};
		7983CD6C1E07CC9D0050C6A3 /* LaunchScreen.storyboard */ = {
			isa = PBXVariantGroup;
			children = (
				7983CD6D1E07CC9D0050C6A3 /* Base */,
			);
			name = LaunchScreen.storyboard;
			sourceTree = "<group>";
		};
/* End PBXVariantGroup section */

/* Begin XCBuildConfiguration section */
		7983CD701E07CC9D0050C6A3 /* Debug */ = {
			isa = XCBuildConfiguration;
			buildSettings = {
				ALWAYS_SEARCH_USER_PATHS = NO;
				CLANG_ANALYZER_NONNULL = YES;
				CLANG_CXX_LANGUAGE_STANDARD = "gnu++0x";
				CLANG_CXX_LIBRARY = "libc++";
				CLANG_ENABLE_MODULES = YES;
				CLANG_ENABLE_OBJC_ARC = YES;
				CLANG_WARN_BOOL_CONVERSION = YES;
				CLANG_WARN_CONSTANT_CONVERSION = YES;
				CLANG_WARN_DIRECT_OBJC_ISA_USAGE = YES_ERROR;
				CLANG_WARN_DOCUMENTATION_COMMENTS = YES;
				CLANG_WARN_EMPTY_BODY = YES;
				CLANG_WARN_ENUM_CONVERSION = YES;
				CLANG_WARN_INFINITE_RECURSION = YES;
				CLANG_WARN_INT_CONVERSION = YES;
				CLANG_WARN_OBJC_ROOT_CLASS = YES_ERROR;
				CLANG_WARN_SUSPICIOUS_MOVES = YES;
				CLANG_WARN_UNREACHABLE_CODE = YES;
				CLANG_WARN__DUPLICATE_METHOD_MATCH = YES;
				"CODE_SIGN_IDENTITY[sdk=iphoneos*]" = "iPhone Developer";
				COPY_PHASE_STRIP = NO;
				DEBUG_INFORMATION_FORMAT = dwarf;
				ENABLE_STRICT_OBJC_MSGSEND = YES;
				ENABLE_TESTABILITY = YES;
				GCC_C_LANGUAGE_STANDARD = gnu99;
				GCC_DYNAMIC_NO_PIC = NO;
				GCC_NO_COMMON_BLOCKS = YES;
				GCC_OPTIMIZATION_LEVEL = 0;
				GCC_PREPROCESSOR_DEFINITIONS = (
					"DEBUG=1",
					"$(inherited)",
				);
				GCC_WARN_64_TO_32_BIT_CONVERSION = YES;
				GCC_WARN_ABOUT_RETURN_TYPE = YES_ERROR;
				GCC_WARN_UNDECLARED_SELECTOR = YES;
				GCC_WARN_UNINITIALIZED_AUTOS = YES_AGGRESSIVE;
				GCC_WARN_UNUSED_FUNCTION = YES;
				GCC_WARN_UNUSED_VARIABLE = YES;
				IPHONEOS_DEPLOYMENT_TARGET = 10.1;
				MTL_ENABLE_DEBUG_INFO = YES;
				ONLY_ACTIVE_ARCH = YES;
				SDKROOT = iphoneos;
				SWIFT_ACTIVE_COMPILATION_CONDITIONS = DEBUG;
				SWIFT_OPTIMIZATION_LEVEL = "-Onone";
				TARGETED_DEVICE_FAMILY = "1,2";
			};
			name = Debug;
		};
		7983CD711E07CC9D0050C6A3 /* Release */ = {
			isa = XCBuildConfiguration;
			buildSettings = {
				ALWAYS_SEARCH_USER_PATHS = NO;
				CLANG_ANALYZER_NONNULL = YES;
				CLANG_CXX_LANGUAGE_STANDARD = "gnu++0x";
				CLANG_CXX_LIBRARY = "libc++";
				CLANG_ENABLE_MODULES = YES;
				CLANG_ENABLE_OBJC_ARC = YES;
				CLANG_WARN_BOOL_CONVERSION = YES;
				CLANG_WARN_CONSTANT_CONVERSION = YES;
				CLANG_WARN_DIRECT_OBJC_ISA_USAGE = YES_ERROR;
				CLANG_WARN_DOCUMENTATION_COMMENTS = YES;
				CLANG_WARN_EMPTY_BODY = YES;
				CLANG_WARN_ENUM_CONVERSION = YES;
				CLANG_WARN_INFINITE_RECURSION = YES;
				CLANG_WARN_INT_CONVERSION = YES;
				CLANG_WARN_OBJC_ROOT_CLASS = YES_ERROR;
				CLANG_WARN_SUSPICIOUS_MOVES = YES;
				CLANG_WARN_UNREACHABLE_CODE = YES;
				CLANG_WARN__DUPLICATE_METHOD_MATCH = YES;
				"CODE_SIGN_IDENTITY[sdk=iphoneos*]" = "iPhone Developer";
				COPY_PHASE_STRIP = NO;
				DEBUG_INFORMATION_FORMAT = "dwarf-with-dsym";
				ENABLE_NS_ASSERTIONS = NO;
				ENABLE_STRICT_OBJC_MSGSEND = YES;
				GCC_C_LANGUAGE_STANDARD = gnu99;
				GCC_NO_COMMON_BLOCKS = YES;
				GCC_WARN_64_TO_32_BIT_CONVERSION = YES;
				GCC_WARN_ABOUT_RETURN_TYPE = YES_ERROR;
				GCC_WARN_UNDECLARED_SELECTOR = YES;
				GCC_WARN_UNINITIALIZED_AUTOS = YES_AGGRESSIVE;
				GCC_WARN_UNUSED_FUNCTION = YES;
				GCC_WARN_UNUSED_VARIABLE = YES;
				IPHONEOS_DEPLOYMENT_TARGET = 10.1;
				MTL_ENABLE_DEBUG_INFO = NO;
				SDKROOT = iphoneos;
				SWIFT_OPTIMIZATION_LEVEL = "-Owholemodule";
				TARGETED_DEVICE_FAMILY = "1,2";
				VALIDATE_PRODUCT = YES;
			};
			name = Release;
		};
		7983CD731E07CC9D0050C6A3 /* Debug */ = {
			isa = XCBuildConfiguration;
			buildSettings = {
				ASSETCATALOG_COMPILER_APPICON_NAME = AppIcon;
				DEVELOPMENT_TEAM = 5K27PD58GS;
				INFOPLIST_FILE = Ripple/Info.plist;
				IPHONEOS_DEPLOYMENT_TARGET = 9.3;
				LD_RUNPATH_SEARCH_PATHS = "$(inherited) @executable_path/Frameworks";
				PRODUCT_BUNDLE_IDENTIFIER = com.KeithLee.Ripple;
				PRODUCT_NAME = "$(TARGET_NAME)";
				SWIFT_VERSION = 3.0;
				TARGETED_DEVICE_FAMILY = "1,2";
			};
			name = Debug;
		};
		7983CD741E07CC9D0050C6A3 /* Release */ = {
			isa = XCBuildConfiguration;
			buildSettings = {
				ASSETCATALOG_COMPILER_APPICON_NAME = AppIcon;
				DEVELOPMENT_TEAM = 5K27PD58GS;
				INFOPLIST_FILE = Ripple/Info.plist;
				IPHONEOS_DEPLOYMENT_TARGET = 9.3;
				LD_RUNPATH_SEARCH_PATHS = "$(inherited) @executable_path/Frameworks";
				PRODUCT_BUNDLE_IDENTIFIER = com.KeithLee.Ripple;
				PRODUCT_NAME = "$(TARGET_NAME)";
				SWIFT_VERSION = 3.0;
				TARGETED_DEVICE_FAMILY = "1,2";
			};
			name = Release;
		};
/* End XCBuildConfiguration section */

/* Begin XCConfigurationList section */
		7983CD5B1E07CC9D0050C6A3 /* Build configuration list for PBXProject "Ripple" */ = {
			isa = XCConfigurationList;
			buildConfigurations = (
				7983CD701E07CC9D0050C6A3 /* Debug */,
				7983CD711E07CC9D0050C6A3 /* Release */,
			);
			defaultConfigurationIsVisible = 0;
			defaultConfigurationName = Release;
		};
		7983CD721E07CC9D0050C6A3 /* Build configuration list for PBXNativeTarget "Ripple" */ = {
			isa = XCConfigurationList;
			buildConfigurations = (
				7983CD731E07CC9D0050C6A3 /* Debug */,
				7983CD741E07CC9D0050C6A3 /* Release */,
			);
			defaultConfigurationIsVisible = 0;
			defaultConfigurationName = Release;
		};
/* End XCConfigurationList section */
	};
	rootObject = 7983CD581E07CC9D0050C6A3 /* Project object */;
}
